
Microsoft Visual Studio Solution File, Format Version 12.00
# Visual Studio Version 16
VisualStudioVersion = 16.0.30804.86
MinimumVisualStudioVersion = 10.0.40219.1
Project("{2150E333-8FDC-42A3-9474-1A3956D46DE8}") = "src", "src", "{91A29A69-66E3-4D9B-98C4-F68A12E7B5FE}"
EndProject
Project("{2150E333-8FDC-42A3-9474-1A3956D46DE8}") = "Catalog", "Catalog", "{FBACFF8D-9307-4D20-A256-7A34C518A4ED}"
EndProject
Project("{9A19103F-16F7-4668-BE54-9A1E7A4F7556}") = "Catalog.API", "src\Catalog\Catalog.API\Catalog.API.csproj", "{F21DEBFD-52E4-44F8-9190-56D9DEFC8A9B}"
EndProject
Project("{E53339B2-1760-4266-BCC7-CA923CBCF16C}") = "docker-compose", "docker-compose.dcproj", "{3F5819AE-9070-4CCF-BE54-422DC978404B}"
EndProject
Project("{2150E333-8FDC-42A3-9474-1A3956D46DE8}") = "Basket", "Basket", "{14956D81-6813-4DCE-9949-7226829CB6D9}"
EndProject
Project("{9A19103F-16F7-4668-BE54-9A1E7A4F7556}") = "Basket.API", "src\Basket\Basket.API\Basket.API.csproj", "{3470C455-52C3-4F19-8E3B-62CAFE2EB4AF}"
EndProject
Project("{2150E333-8FDC-42A3-9474-1A3956D46DE8}") = "Common", "Common", "{350C09EE-6A50-47D6-9903-71BD2A2E02F3}"
EndProject
Project("{FAE04EC0-301F-11D3-BF4B-00C04F79EFBC}") = "EventBusRabbitMQ", "src\Common\EventBusRabbitMQ\EventBusRabbitMQ.csproj", "{9BF9A5A4-12E6-4827-9531-7720E502D760}"
EndProject
Project("{2150E333-8FDC-42A3-9474-1A3956D46DE8}") = "Ordering", "Ordering", "{BC722E8A-6674-490E-B194-90AA840B61C8}"
EndProject
Project("{FAE04EC0-301F-11D3-BF4B-00C04F79EFBC}") = "Ordering.API", "src\Ordering\Ordering.API\Ordering.API.csproj", "{931C4E28-04AC-4F6E-9C66-0C1BF3F5B38E}"
EndProject
Project("{FAE04EC0-301F-11D3-BF4B-00C04F79EFBC}") = "Ordering.Core", "src\Ordering\Ordering.Core\Ordering.Core.csproj", "{17AA0E6A-33FC-4C71-BA7A-41396A7FEB71}"
EndProject
Project("{FAE04EC0-301F-11D3-BF4B-00C04F79EFBC}") = "Ordering.Infrastructure", "src\Ordering\Ordering.Infrastructure\Ordering.Infrastructure.csproj", "{6BBB327C-3DE6-4585-ABFD-A8DA850C581C}"
EndProject
Project("{FAE04EC0-301F-11D3-BF4B-00C04F79EFBC}") = "Ordering.Application", "src\Ordering\Ordering.Application\Ordering.Application.csproj", "{C1DB8B29-F0B9-45E4-BD24-2CC35874DB10}"
EndProject
Global
	GlobalSection(SolutionConfigurationPlatforms) = preSolution
		Debug|Any CPU = Debug|Any CPU
		Release|Any CPU = Release|Any CPU
	EndGlobalSection
	GlobalSection(ProjectConfigurationPlatforms) = postSolution
		{F21DEBFD-52E4-44F8-9190-56D9DEFC8A9B}.Debug|Any CPU.ActiveCfg = Debug|Any CPU
		{F21DEBFD-52E4-44F8-9190-56D9DEFC8A9B}.Debug|Any CPU.Build.0 = Debug|Any CPU
		{F21DEBFD-52E4-44F8-9190-56D9DEFC8A9B}.Release|Any CPU.ActiveCfg = Release|Any CPU
		{F21DEBFD-52E4-44F8-9190-56D9DEFC8A9B}.Release|Any CPU.Build.0 = Release|Any CPU
		{3F5819AE-9070-4CCF-BE54-422DC978404B}.Debug|Any CPU.ActiveCfg = Debug|Any CPU
		{3F5819AE-9070-4CCF-BE54-422DC978404B}.Debug|Any CPU.Build.0 = Debug|Any CPU
		{3F5819AE-9070-4CCF-BE54-422DC978404B}.Release|Any CPU.ActiveCfg = Release|Any CPU
		{3F5819AE-9070-4CCF-BE54-422DC978404B}.Release|Any CPU.Build.0 = Release|Any CPU
		{3470C455-52C3-4F19-8E3B-62CAFE2EB4AF}.Debug|Any CPU.ActiveCfg = Debug|Any CPU
		{3470C455-52C3-4F19-8E3B-62CAFE2EB4AF}.Debug|Any CPU.Build.0 = Debug|Any CPU
		{3470C455-52C3-4F19-8E3B-62CAFE2EB4AF}.Release|Any CPU.ActiveCfg = Release|Any CPU
		{3470C455-52C3-4F19-8E3B-62CAFE2EB4AF}.Release|Any CPU.Build.0 = Release|Any CPU
		{9BF9A5A4-12E6-4827-9531-7720E502D760}.Debug|Any CPU.ActiveCfg = Debug|Any CPU
		{9BF9A5A4-12E6-4827-9531-7720E502D760}.Debug|Any CPU.Build.0 = Debug|Any CPU
		{9BF9A5A4-12E6-4827-9531-7720E502D760}.Release|Any CPU.ActiveCfg = Release|Any CPU
		{9BF9A5A4-12E6-4827-9531-7720E502D760}.Release|Any CPU.Build.0 = Release|Any CPU
		{931C4E28-04AC-4F6E-9C66-0C1BF3F5B38E}.Debug|Any CPU.ActiveCfg = Debug|Any CPU
		{931C4E28-04AC-4F6E-9C66-0C1BF3F5B38E}.Debug|Any CPU.Build.0 = Debug|Any CPU
		{931C4E28-04AC-4F6E-9C66-0C1BF3F5B38E}.Release|Any CPU.ActiveCfg = Release|Any CPU
		{931C4E28-04AC-4F6E-9C66-0C1BF3F5B38E}.Release|Any CPU.Build.0 = Release|Any CPU
		{17AA0E6A-33FC-4C71-BA7A-41396A7FEB71}.Debug|Any CPU.ActiveCfg = Debug|Any CPU
		{17AA0E6A-33FC-4C71-BA7A-41396A7FEB71}.Debug|Any CPU.Build.0 = Debug|Any CPU
		{17AA0E6A-33FC-4C71-BA7A-41396A7FEB71}.Release|Any CPU.ActiveCfg = Release|Any CPU
		{17AA0E6A-33FC-4C71-BA7A-41396A7FEB71}.Release|Any CPU.Build.0 = Release|Any CPU
		{6BBB327C-3DE6-4585-ABFD-A8DA850C581C}.Debug|Any CPU.ActiveCfg = Debug|Any CPU
		{6BBB327C-3DE6-4585-ABFD-A8DA850C581C}.Debug|Any CPU.Build.0 = Debug|Any CPU
		{6BBB327C-3DE6-4585-ABFD-A8DA850C581C}.Release|Any CPU.ActiveCfg = Release|Any CPU
		{6BBB327C-3DE6-4585-ABFD-A8DA850C581C}.Release|Any CPU.Build.0 = Release|Any CPU
		{C1DB8B29-F0B9-45E4-BD24-2CC35874DB10}.Debug|Any CPU.ActiveCfg = Debug|Any CPU
		{C1DB8B29-F0B9-45E4-BD24-2CC35874DB10}.Debug|Any CPU.Build.0 = Debug|Any CPU
		{C1DB8B29-F0B9-45E4-BD24-2CC35874DB10}.Release|Any CPU.ActiveCfg = Release|Any CPU
		{C1DB8B29-F0B9-45E4-BD24-2CC35874DB10}.Release|Any CPU.Build.0 = Release|Any CPU
	EndGlobalSection
	GlobalSection(SolutionProperties) = preSolution
		HideSolutionNode = FALSE
	EndGlobalSection
	GlobalSection(NestedProjects) = preSolution
		{FBACFF8D-9307-4D20-A256-7A34C518A4ED} = {91A29A69-66E3-4D9B-98C4-F68A12E7B5FE}
		{F21DEBFD-52E4-44F8-9190-56D9DEFC8A9B} = {FBACFF8D-9307-4D20-A256-7A34C518A4ED}
		{14956D81-6813-4DCE-9949-7226829CB6D9} = {91A29A69-66E3-4D9B-98C4-F68A12E7B5FE}
		{3470C455-52C3-4F19-8E3B-62CAFE2EB4AF} = {14956D81-6813-4DCE-9949-7226829CB6D9}
		{350C09EE-6A50-47D6-9903-71BD2A2E02F3} = {91A29A69-66E3-4D9B-98C4-F68A12E7B5FE}
		{9BF9A5A4-12E6-4827-9531-7720E502D760} = {350C09EE-6A50-47D6-9903-71BD2A2E02F3}
		{BC722E8A-6674-490E-B194-90AA840B61C8} = {91A29A69-66E3-4D9B-98C4-F68A12E7B5FE}
		{931C4E28-04AC-4F6E-9C66-0C1BF3F5B38E} = {BC722E8A-6674-490E-B194-90AA840B61C8}
		{17AA0E6A-33FC-4C71-BA7A-41396A7FEB71} = {BC722E8A-6674-490E-B194-90AA840B61C8}
		{6BBB327C-3DE6-4585-ABFD-A8DA850C581C} = {BC722E8A-6674-490E-B194-90AA840B61C8}
		{C1DB8B29-F0B9-45E4-BD24-2CC35874DB10} = {BC722E8A-6674-490E-B194-90AA840B61C8}
	EndGlobalSection
	GlobalSection(ExtensibilityGlobals) = postSolution
		SolutionGuid = {74ADD8C6-B39B-430F-8F9C-423815EE813E}
	EndGlobalSection
EndGlobal
